
Microsoft Visual Studio Solution File, Format Version 12.00
# Visual Studio Version 17
VisualStudioVersion = 17.1.32113.165
MinimumVisualStudioVersion = 10.0.40219.1
Project("{9A19103F-16F7-4668-BE54-9A1E7A4F7556}") = "NotesLearningApplication.Server", "NotesLearningApplication\Server\NotesLearningApplication.Server.csproj", "{BD91C717-3C3A-4DB3-A440-5D4E2778367D}"
EndProject
Project("{9A19103F-16F7-4668-BE54-9A1E7A4F7556}") = "NotesLearningApplication.Client", "NotesLearningApplication\Client\NotesLearningApplication.Client.csproj", "{A04E8277-69B3-4EDA-8D2C-0E5DC471FC4E}"
EndProject
Project("{9A19103F-16F7-4668-BE54-9A1E7A4F7556}") = "NotesLearningApplication.Shared", "NotesLearningApplication\Shared\NotesLearningApplication.Shared.csproj", "{51FE194D-F632-4DC6-B61C-E1FF01694EFC}"
EndProject
Project("{9A19103F-16F7-4668-BE54-9A1E7A4F7556}") = "DatabaseServices", "DatabaseServices\DatabaseServices.csproj", "{04C01893-9658-47B6-8F6C-36DC11118C6E}"
EndProject
Global
	GlobalSection(SolutionConfigurationPlatforms) = preSolution
		Debug|Any CPU = Debug|Any CPU
		Release|Any CPU = Release|Any CPU
	EndGlobalSection
	GlobalSection(ProjectConfigurationPlatforms) = postSolution
		{BD91C717-3C3A-4DB3-A440-5D4E2778367D}.Debug|Any CPU.ActiveCfg = Debug|Any CPU
		{BD91C717-3C3A-4DB3-A440-5D4E2778367D}.Debug|Any CPU.Build.0 = Debug|Any CPU
		{BD91C717-3C3A-4DB3-A440-5D4E2778367D}.Release|Any CPU.ActiveCfg = Release|Any CPU
		{BD91C717-3C3A-4DB3-A440-5D4E2778367D}.Release|Any CPU.Build.0 = Release|Any CPU
		{A04E8277-69B3-4EDA-8D2C-0E5DC471FC4E}.Debug|Any CPU.ActiveCfg = Debug|Any CPU
		{A04E8277-69B3-4EDA-8D2C-0E5DC471FC4E}.Debug|Any CPU.Build.0 = Debug|Any CPU
		{A04E8277-69B3-4EDA-8D2C-0E5DC471FC4E}.Release|Any CPU.ActiveCfg = Release|Any CPU
		{A04E8277-69B3-4EDA-8D2C-0E5DC471FC4E}.Release|Any CPU.Build.0 = Release|Any CPU
		{51FE194D-F632-4DC6-B61C-E1FF01694EFC}.Debug|Any CPU.ActiveCfg = Debug|Any CPU
		{51FE194D-F632-4DC6-B61C-E1FF01694EFC}.Debug|Any CPU.Build.0 = Debug|Any CPU
		{51FE194D-F632-4DC6-B61C-E1FF01694EFC}.Release|Any CPU.ActiveCfg = Release|Any CPU
		{51FE194D-F632-4DC6-B61C-E1FF01694EFC}.Release|Any CPU.Build.0 = Release|Any CPU
		{04C01893-9658-47B6-8F6C-36DC11118C6E}.Debug|Any CPU.ActiveCfg = Debug|Any CPU
		{04C01893-9658-47B6-8F6C-36DC11118C6E}.Debug|Any CPU.Build.0 = Debug|Any CPU
		{04C01893-9658-47B6-8F6C-36DC11118C6E}.Release|Any CPU.ActiveCfg = Release|Any CPU
		{04C01893-9658-47B6-8F6C-36DC11118C6E}.Release|Any CPU.Build.0 = Release|Any CPU
	EndGlobalSection
	GlobalSection(SolutionProperties) = preSolution
		HideSolutionNode = FALSE
	EndGlobalSection
	GlobalSection(ExtensibilityGlobals) = postSolution
		SolutionGuid = {9DF3BC18-6DEE-40D1-8C5B-AC3305554464}
	EndGlobalSection
EndGlobal
